# THIS IS AN AUTOGENERATED FILE. DO NOT EDIT THIS FILE DIRECTLY.
# yarn lockfile v1


"@babel/code-frame@^7.0.0":
  version "7.18.6"
  resolved "https://registry.npmjs.org/@babel/code-frame/-/code-frame-7.18.6.tgz"
  dependencies:
    "@babel/highlight" "^7.18.6"

"@babel/helper-validator-identifier@^7.18.6":
  version "7.18.6"
  resolved "https://registry.npmjs.org/@babel/helper-validator-identifier/-/helper-validator-identifier-7.18.6.tgz"

"@babel/highlight@^7.18.6":
  version "7.18.6"
  resolved "https://registry.npmjs.org/@babel/highlight/-/highlight-7.18.6.tgz"
  dependencies:
    "@babel/helper-validator-identifier" "^7.18.6"
    chalk "^2.0.0"
    js-tokens "^4.0.0"

"@jridgewell/gen-mapping@^0.3.0":
  version "0.3.2"
  resolved "https://registry.npmjs.org/@jridgewell/gen-mapping/-/gen-mapping-0.3.2.tgz"
  dependencies:
    "@jridgewell/set-array" "^1.0.1"
    "@jridgewell/sourcemap-codec" "^1.4.10"
    "@jridgewell/trace-mapping" "^0.3.9"

"@jridgewell/resolve-uri@^3.0.3":
  version "3.1.0"
  resolved "https://registry.npmjs.org/@jridgewell/resolve-uri/-/resolve-uri-3.1.0.tgz"

"@jridgewell/set-array@^1.0.1":
  version "1.1.2"
  resolved "https://registry.npmjs.org/@jridgewell/set-array/-/set-array-1.1.2.tgz"

"@jridgewell/source-map@^0.3.2":
  version "0.3.2"
  resolved "https://registry.npmjs.org/@jridgewell/source-map/-/source-map-0.3.2.tgz"
  dependencies:
    "@jridgewell/gen-mapping" "^0.3.0"
    "@jridgewell/trace-mapping" "^0.3.9"

"@jridgewell/sourcemap-codec@^1.4.10":
  version "1.4.14"
  resolved "https://registry.npmjs.org/@jridgewell/sourcemap-codec/-/sourcemap-codec-1.4.14.tgz"

"@jridgewell/trace-mapping@^0.3.9":
  version "0.3.15"
  resolved "https://registry.npmjs.org/@jridgewell/trace-mapping/-/trace-mapping-0.3.15.tgz"
  dependencies:
    "@jridgewell/resolve-uri" "^3.0.3"
    "@jridgewell/sourcemap-codec" "^1.4.10"

"@lezer/common@^0.15.0", "@lezer/common@^0.15.7":
  version "0.15.12"
  resolved "https://registry.npmjs.org/@lezer/common/-/common-0.15.12.tgz"

"@lezer/lr@^0.15.4":
  version "0.15.8"
  resolved "https://registry.npmjs.org/@lezer/lr/-/lr-0.15.8.tgz"
  dependencies:
    "@lezer/common" "^0.15.0"

"@lmdb/lmdb-darwin-arm64@2.5.2":
  version "2.5.2"
  resolved "https://registry.yarnpkg.com/@lmdb/lmdb-darwin-arm64/-/lmdb-darwin-arm64-2.5.2.tgz#bc66fa43286b5c082e8fee0eacc17995806b6fbe"

"@lmdb/lmdb-darwin-x64@2.5.2":
  version "2.5.2"
  resolved "https://registry.yarnpkg.com/@lmdb/lmdb-darwin-x64/-/lmdb-darwin-x64-2.5.2.tgz#89d8390041bce6bab24a82a20392be22faf54ffc"

"@lmdb/lmdb-linux-arm64@2.5.2":
  version "2.5.2"
  resolved "https://registry.yarnpkg.com/@lmdb/lmdb-linux-arm64/-/lmdb-linux-arm64-2.5.2.tgz#14fe4c96c2bb1285f93797f45915fa35ee047268"

"@lmdb/lmdb-linux-arm@2.5.2":
  version "2.5.2"
  resolved "https://registry.yarnpkg.com/@lmdb/lmdb-linux-arm/-/lmdb-linux-arm-2.5.2.tgz#05bde4573ab10cf21827339fe687148f2590cfa1"

"@lmdb/lmdb-linux-x64@2.5.2":
  version "2.5.2"
  resolved "https://registry.npmjs.org/@lmdb/lmdb-linux-x64/-/lmdb-linux-x64-2.5.2.tgz"

"@lmdb/lmdb-win32-x64@2.5.2":
  version "2.5.2"
  resolved "https://registry.yarnpkg.com/@lmdb/lmdb-win32-x64/-/lmdb-win32-x64-2.5.2.tgz#28f643fbc0bec30b07fbe95b137879b6b4d1c9c5"

"@mischnic/json-sourcemap@^0.1.0":
  version "0.1.0"
  resolved "https://registry.npmjs.org/@mischnic/json-sourcemap/-/json-sourcemap-0.1.0.tgz"
  dependencies:
    "@lezer/common" "^0.15.7"
    "@lezer/lr" "^0.15.4"
    json5 "^2.2.1"

"@msgpackr-extract/msgpackr-extract-darwin-arm64@2.1.2":
  version "2.1.2"
  resolved "https://registry.yarnpkg.com/@msgpackr-extract/msgpackr-extract-darwin-arm64/-/msgpackr-extract-darwin-arm64-2.1.2.tgz#9571b87be3a3f2c46de05585470bc4f3af2f6f00"

"@msgpackr-extract/msgpackr-extract-darwin-x64@2.1.2":
  version "2.1.2"
  resolved "https://registry.yarnpkg.com/@msgpackr-extract/msgpackr-extract-darwin-x64/-/msgpackr-extract-darwin-x64-2.1.2.tgz#bfbc6936ede2955218f5621a675679a5fe8e6f4c"

"@msgpackr-extract/msgpackr-extract-linux-arm64@2.1.2":
  version "2.1.2"
  resolved "https://registry.yarnpkg.com/@msgpackr-extract/msgpackr-extract-linux-arm64/-/msgpackr-extract-linux-arm64-2.1.2.tgz#22555e28382af2922e7450634c8a2f240bb9eb82"

"@msgpackr-extract/msgpackr-extract-linux-arm@2.1.2":
  version "2.1.2"
  resolved "https://registry.yarnpkg.com/@msgpackr-extract/msgpackr-extract-linux-arm/-/msgpackr-extract-linux-arm-2.1.2.tgz#ffb6ae1beea7ac572b6be6bf2a8e8162ebdd8be7"

"@msgpackr-extract/msgpackr-extract-linux-x64@2.1.2":
  version "2.1.2"
  resolved "https://registry.npmjs.org/@msgpackr-extract/msgpackr-extract-linux-x64/-/msgpackr-extract-linux-x64-2.1.2.tgz"

"@msgpackr-extract/msgpackr-extract-win32-x64@2.1.2":
  version "2.1.2"
  resolved "https://registry.yarnpkg.com/@msgpackr-extract/msgpackr-extract-win32-x64/-/msgpackr-extract-win32-x64-2.1.2.tgz#f2d8b9ddd8d191205ed26ce54aba3dfc5ae3e7c9"

"@parcel/bundler-default@2.7.0":
  version "2.7.0"
  resolved "https://registry.npmjs.org/@parcel/bundler-default/-/bundler-default-2.7.0.tgz"
  dependencies:
    "@parcel/diagnostic" "2.7.0"
    "@parcel/hash" "2.7.0"
    "@parcel/plugin" "2.7.0"
    "@parcel/utils" "2.7.0"
    nullthrows "^1.1.1"

"@parcel/cache@2.7.0":
  version "2.7.0"
  resolved "https://registry.npmjs.org/@parcel/cache/-/cache-2.7.0.tgz"
  dependencies:
    "@parcel/fs" "2.7.0"
    "@parcel/logger" "2.7.0"
    "@parcel/utils" "2.7.0"
    lmdb "2.5.2"

"@parcel/codeframe@2.7.0":
  version "2.7.0"
  resolved "https://registry.npmjs.org/@parcel/codeframe/-/codeframe-2.7.0.tgz"
  dependencies:
    chalk "^4.1.0"

"@parcel/compressor-raw@2.7.0":
  version "2.7.0"
  resolved "https://registry.npmjs.org/@parcel/compressor-raw/-/compressor-raw-2.7.0.tgz"
  dependencies:
    "@parcel/plugin" "2.7.0"

"@parcel/config-default@2.7.0":
  version "2.7.0"
  resolved "https://registry.npmjs.org/@parcel/config-default/-/config-default-2.7.0.tgz"
  dependencies:
    "@parcel/bundler-default" "2.7.0"
    "@parcel/compressor-raw" "2.7.0"
    "@parcel/namer-default" "2.7.0"
    "@parcel/optimizer-css" "2.7.0"
    "@parcel/optimizer-htmlnano" "2.7.0"
    "@parcel/optimizer-image" "2.7.0"
    "@parcel/optimizer-svgo" "2.7.0"
    "@parcel/optimizer-terser" "2.7.0"
    "@parcel/packager-css" "2.7.0"
    "@parcel/packager-html" "2.7.0"
    "@parcel/packager-js" "2.7.0"
    "@parcel/packager-raw" "2.7.0"
    "@parcel/packager-svg" "2.7.0"
    "@parcel/reporter-dev-server" "2.7.0"
    "@parcel/resolver-default" "2.7.0"
    "@parcel/runtime-browser-hmr" "2.7.0"
    "@parcel/runtime-js" "2.7.0"
    "@parcel/runtime-react-refresh" "2.7.0"
    "@parcel/runtime-service-worker" "2.7.0"
    "@parcel/transformer-babel" "2.7.0"
    "@parcel/transformer-css" "2.7.0"
    "@parcel/transformer-html" "2.7.0"
    "@parcel/transformer-image" "2.7.0"
    "@parcel/transformer-js" "2.7.0"
    "@parcel/transformer-json" "2.7.0"
    "@parcel/transformer-postcss" "2.7.0"
    "@parcel/transformer-posthtml" "2.7.0"
    "@parcel/transformer-raw" "2.7.0"
    "@parcel/transformer-react-refresh-wrap" "2.7.0"
    "@parcel/transformer-svg" "2.7.0"

"@parcel/core@2.7.0":
  version "2.7.0"
  resolved "https://registry.npmjs.org/@parcel/core/-/core-2.7.0.tgz"
  dependencies:
    "@mischnic/json-sourcemap" "^0.1.0"
    "@parcel/cache" "2.7.0"
    "@parcel/diagnostic" "2.7.0"
    "@parcel/events" "2.7.0"
    "@parcel/fs" "2.7.0"
    "@parcel/graph" "2.7.0"
    "@parcel/hash" "2.7.0"
    "@parcel/logger" "2.7.0"
    "@parcel/package-manager" "2.7.0"
    "@parcel/plugin" "2.7.0"
    "@parcel/source-map" "^2.0.0"
    "@parcel/types" "2.7.0"
    "@parcel/utils" "2.7.0"
    "@parcel/workers" "2.7.0"
    abortcontroller-polyfill "^1.1.9"
    base-x "^3.0.8"
    browserslist "^4.6.6"
    clone "^2.1.1"
    dotenv "^7.0.0"
    dotenv-expand "^5.1.0"
    json5 "^2.2.0"
    msgpackr "^1.5.4"
    nullthrows "^1.1.1"
    semver "^5.7.1"

"@parcel/css@^1.12.2":
  version "1.14.0"
  resolved "https://registry.npmjs.org/@parcel/css/-/css-1.14.0.tgz"
  dependencies:
    lightningcss "^1.14.0"

"@parcel/diagnostic@2.7.0":
  version "2.7.0"
  resolved "https://registry.npmjs.org/@parcel/diagnostic/-/diagnostic-2.7.0.tgz"
  dependencies:
    "@mischnic/json-sourcemap" "^0.1.0"
    nullthrows "^1.1.1"

"@parcel/events@2.7.0":
  version "2.7.0"
  resolved "https://registry.npmjs.org/@parcel/events/-/events-2.7.0.tgz"

"@parcel/fs-search@2.7.0":
  version "2.7.0"
  resolved "https://registry.npmjs.org/@parcel/fs-search/-/fs-search-2.7.0.tgz"
  dependencies:
    detect-libc "^1.0.3"

"@parcel/fs@2.7.0":
  version "2.7.0"
  resolved "https://registry.npmjs.org/@parcel/fs/-/fs-2.7.0.tgz"
  dependencies:
    "@parcel/fs-search" "2.7.0"
    "@parcel/types" "2.7.0"
    "@parcel/utils" "2.7.0"
    "@parcel/watcher" "^2.0.0"
    "@parcel/workers" "2.7.0"

"@parcel/graph@2.7.0":
  version "2.7.0"
  resolved "https://registry.npmjs.org/@parcel/graph/-/graph-2.7.0.tgz"
  dependencies:
    "@parcel/utils" "2.7.0"
    nullthrows "^1.1.1"

"@parcel/hash@2.7.0":
  version "2.7.0"
  resolved "https://registry.npmjs.org/@parcel/hash/-/hash-2.7.0.tgz"
  dependencies:
    detect-libc "^1.0.3"
    xxhash-wasm "^0.4.2"

"@parcel/logger@2.7.0":
  version "2.7.0"
  resolved "https://registry.npmjs.org/@parcel/logger/-/logger-2.7.0.tgz"
  dependencies:
    "@parcel/diagnostic" "2.7.0"
    "@parcel/events" "2.7.0"

"@parcel/markdown-ansi@2.7.0":
  version "2.7.0"
  resolved "https://registry.npmjs.org/@parcel/markdown-ansi/-/markdown-ansi-2.7.0.tgz"
  dependencies:
    chalk "^4.1.0"

"@parcel/namer-default@2.7.0":
  version "2.7.0"
  resolved "https://registry.npmjs.org/@parcel/namer-default/-/namer-default-2.7.0.tgz"
  dependencies:
    "@parcel/diagnostic" "2.7.0"
    "@parcel/plugin" "2.7.0"
    nullthrows "^1.1.1"

"@parcel/node-resolver-core@2.7.0":
  version "2.7.0"
  resolved "https://registry.npmjs.org/@parcel/node-resolver-core/-/node-resolver-core-2.7.0.tgz"
  dependencies:
    "@parcel/diagnostic" "2.7.0"
    "@parcel/utils" "2.7.0"
    nullthrows "^1.1.1"
    semver "^5.7.1"

"@parcel/optimizer-css@2.7.0":
  version "2.7.0"
  resolved "https://registry.npmjs.org/@parcel/optimizer-css/-/optimizer-css-2.7.0.tgz"
  dependencies:
    "@parcel/css" "^1.12.2"
    "@parcel/diagnostic" "2.7.0"
    "@parcel/plugin" "2.7.0"
    "@parcel/source-map" "^2.0.0"
    "@parcel/utils" "2.7.0"
    browserslist "^4.6.6"
    nullthrows "^1.1.1"

"@parcel/optimizer-htmlnano@2.7.0":
  version "2.7.0"
  resolved "https://registry.npmjs.org/@parcel/optimizer-htmlnano/-/optimizer-htmlnano-2.7.0.tgz"
  dependencies:
    "@parcel/plugin" "2.7.0"
    htmlnano "^2.0.0"
    nullthrows "^1.1.1"
    posthtml "^0.16.5"
    svgo "^2.4.0"

"@parcel/optimizer-image@2.7.0":
  version "2.7.0"
  resolved "https://registry.npmjs.org/@parcel/optimizer-image/-/optimizer-image-2.7.0.tgz"
  dependencies:
    "@parcel/diagnostic" "2.7.0"
    "@parcel/plugin" "2.7.0"
    "@parcel/utils" "2.7.0"
    "@parcel/workers" "2.7.0"
    detect-libc "^1.0.3"

"@parcel/optimizer-svgo@2.7.0":
  version "2.7.0"
  resolved "https://registry.npmjs.org/@parcel/optimizer-svgo/-/optimizer-svgo-2.7.0.tgz"
  dependencies:
    "@parcel/diagnostic" "2.7.0"
    "@parcel/plugin" "2.7.0"
    "@parcel/utils" "2.7.0"
    svgo "^2.4.0"

"@parcel/optimizer-terser@2.7.0":
  version "2.7.0"
  resolved "https://registry.npmjs.org/@parcel/optimizer-terser/-/optimizer-terser-2.7.0.tgz"
  dependencies:
    "@parcel/diagnostic" "2.7.0"
    "@parcel/plugin" "2.7.0"
    "@parcel/source-map" "^2.0.0"
    "@parcel/utils" "2.7.0"
    nullthrows "^1.1.1"
    terser "^5.2.0"

"@parcel/package-manager@2.7.0":
  version "2.7.0"
  resolved "https://registry.npmjs.org/@parcel/package-manager/-/package-manager-2.7.0.tgz"
  dependencies:
    "@parcel/diagnostic" "2.7.0"
    "@parcel/fs" "2.7.0"
    "@parcel/logger" "2.7.0"
    "@parcel/types" "2.7.0"
    "@parcel/utils" "2.7.0"
    "@parcel/workers" "2.7.0"
    semver "^5.7.1"

"@parcel/packager-css@2.7.0":
  version "2.7.0"
  resolved "https://registry.npmjs.org/@parcel/packager-css/-/packager-css-2.7.0.tgz"
  dependencies:
    "@parcel/plugin" "2.7.0"
    "@parcel/source-map" "^2.0.0"
    "@parcel/utils" "2.7.0"
    nullthrows "^1.1.1"

"@parcel/packager-html@2.7.0":
  version "2.7.0"
  resolved "https://registry.npmjs.org/@parcel/packager-html/-/packager-html-2.7.0.tgz"
  dependencies:
    "@parcel/plugin" "2.7.0"
    "@parcel/types" "2.7.0"
    "@parcel/utils" "2.7.0"
    nullthrows "^1.1.1"
    posthtml "^0.16.5"

"@parcel/packager-js@2.7.0":
  version "2.7.0"
  resolved "https://registry.npmjs.org/@parcel/packager-js/-/packager-js-2.7.0.tgz"
  dependencies:
    "@parcel/diagnostic" "2.7.0"
    "@parcel/hash" "2.7.0"
    "@parcel/plugin" "2.7.0"
    "@parcel/source-map" "^2.0.0"
    "@parcel/utils" "2.7.0"
    globals "^13.2.0"
    nullthrows "^1.1.1"

"@parcel/packager-raw@2.7.0":
  version "2.7.0"
  resolved "https://registry.npmjs.org/@parcel/packager-raw/-/packager-raw-2.7.0.tgz"
  dependencies:
    "@parcel/plugin" "2.7.0"

"@parcel/packager-svg@2.7.0":
  version "2.7.0"
  resolved "https://registry.npmjs.org/@parcel/packager-svg/-/packager-svg-2.7.0.tgz"
  dependencies:
    "@parcel/plugin" "2.7.0"
    "@parcel/types" "2.7.0"
    "@parcel/utils" "2.7.0"
    posthtml "^0.16.4"

"@parcel/plugin@2.7.0":
  version "2.7.0"
  resolved "https://registry.npmjs.org/@parcel/plugin/-/plugin-2.7.0.tgz"
  dependencies:
    "@parcel/types" "2.7.0"

"@parcel/reporter-cli@2.7.0":
  version "2.7.0"
  resolved "https://registry.npmjs.org/@parcel/reporter-cli/-/reporter-cli-2.7.0.tgz"
  dependencies:
    "@parcel/plugin" "2.7.0"
    "@parcel/types" "2.7.0"
    "@parcel/utils" "2.7.0"
    chalk "^4.1.0"
    term-size "^2.2.1"

"@parcel/reporter-dev-server@2.7.0":
  version "2.7.0"
  resolved "https://registry.npmjs.org/@parcel/reporter-dev-server/-/reporter-dev-server-2.7.0.tgz"
  dependencies:
    "@parcel/plugin" "2.7.0"
    "@parcel/utils" "2.7.0"

"@parcel/resolver-default@2.7.0":
  version "2.7.0"
  resolved "https://registry.npmjs.org/@parcel/resolver-default/-/resolver-default-2.7.0.tgz"
  dependencies:
    "@parcel/node-resolver-core" "2.7.0"
    "@parcel/plugin" "2.7.0"

"@parcel/runtime-browser-hmr@2.7.0":
  version "2.7.0"
  resolved "https://registry.npmjs.org/@parcel/runtime-browser-hmr/-/runtime-browser-hmr-2.7.0.tgz"
  dependencies:
    "@parcel/plugin" "2.7.0"
    "@parcel/utils" "2.7.0"

"@parcel/runtime-js@2.7.0":
  version "2.7.0"
  resolved "https://registry.npmjs.org/@parcel/runtime-js/-/runtime-js-2.7.0.tgz"
  dependencies:
    "@parcel/plugin" "2.7.0"
    "@parcel/utils" "2.7.0"
    nullthrows "^1.1.1"

"@parcel/runtime-react-refresh@2.7.0":
  version "2.7.0"
  resolved "https://registry.npmjs.org/@parcel/runtime-react-refresh/-/runtime-react-refresh-2.7.0.tgz"
  dependencies:
    "@parcel/plugin" "2.7.0"
    "@parcel/utils" "2.7.0"
    react-error-overlay "6.0.9"
    react-refresh "^0.9.0"

"@parcel/runtime-service-worker@2.7.0":
  version "2.7.0"
  resolved "https://registry.npmjs.org/@parcel/runtime-service-worker/-/runtime-service-worker-2.7.0.tgz"
  dependencies:
    "@parcel/plugin" "2.7.0"
    "@parcel/utils" "2.7.0"
    nullthrows "^1.1.1"

"@parcel/source-map@^2.0.0":
  version "2.1.0"
  resolved "https://registry.npmjs.org/@parcel/source-map/-/source-map-2.1.0.tgz"
  dependencies:
    detect-libc "^1.0.3"

"@parcel/transformer-babel@2.7.0":
  version "2.7.0"
  resolved "https://registry.npmjs.org/@parcel/transformer-babel/-/transformer-babel-2.7.0.tgz"
  dependencies:
    "@parcel/diagnostic" "2.7.0"
    "@parcel/plugin" "2.7.0"
    "@parcel/source-map" "^2.0.0"
    "@parcel/utils" "2.7.0"
    browserslist "^4.6.6"
    json5 "^2.2.0"
    nullthrows "^1.1.1"
    semver "^5.7.0"

"@parcel/transformer-css@2.7.0":
  version "2.7.0"
  resolved "https://registry.npmjs.org/@parcel/transformer-css/-/transformer-css-2.7.0.tgz"
  dependencies:
    "@parcel/css" "^1.12.2"
    "@parcel/diagnostic" "2.7.0"
    "@parcel/plugin" "2.7.0"
    "@parcel/source-map" "^2.0.0"
    "@parcel/utils" "2.7.0"
    browserslist "^4.6.6"
    nullthrows "^1.1.1"

"@parcel/transformer-html@2.7.0":
  version "2.7.0"
  resolved "https://registry.npmjs.org/@parcel/transformer-html/-/transformer-html-2.7.0.tgz"
  dependencies:
    "@parcel/diagnostic" "2.7.0"
    "@parcel/hash" "2.7.0"
    "@parcel/plugin" "2.7.0"
    nullthrows "^1.1.1"
    posthtml "^0.16.5"
    posthtml-parser "^0.10.1"
    posthtml-render "^3.0.0"
    semver "^5.7.1"

"@parcel/transformer-image@2.7.0":
  version "2.7.0"
  resolved "https://registry.npmjs.org/@parcel/transformer-image/-/transformer-image-2.7.0.tgz"
  dependencies:
    "@parcel/plugin" "2.7.0"
    "@parcel/utils" "2.7.0"
    "@parcel/workers" "2.7.0"
    nullthrows "^1.1.1"

"@parcel/transformer-js@2.7.0":
  version "2.7.0"
  resolved "https://registry.npmjs.org/@parcel/transformer-js/-/transformer-js-2.7.0.tgz"
  dependencies:
    "@parcel/diagnostic" "2.7.0"
    "@parcel/plugin" "2.7.0"
    "@parcel/source-map" "^2.0.0"
    "@parcel/utils" "2.7.0"
    "@parcel/workers" "2.7.0"
    "@swc/helpers" "^0.4.2"
    browserslist "^4.6.6"
    detect-libc "^1.0.3"
    nullthrows "^1.1.1"
    regenerator-runtime "^0.13.7"
    semver "^5.7.1"

"@parcel/transformer-json@2.7.0":
  version "2.7.0"
  resolved "https://registry.npmjs.org/@parcel/transformer-json/-/transformer-json-2.7.0.tgz"
  dependencies:
    "@parcel/plugin" "2.7.0"
    json5 "^2.2.0"

"@parcel/transformer-postcss@2.7.0":
  version "2.7.0"
  resolved "https://registry.npmjs.org/@parcel/transformer-postcss/-/transformer-postcss-2.7.0.tgz"
  dependencies:
    "@parcel/diagnostic" "2.7.0"
    "@parcel/hash" "2.7.0"
    "@parcel/plugin" "2.7.0"
    "@parcel/utils" "2.7.0"
    clone "^2.1.1"
    nullthrows "^1.1.1"
    postcss-value-parser "^4.2.0"
    semver "^5.7.1"

"@parcel/transformer-posthtml@2.7.0":
  version "2.7.0"
  resolved "https://registry.npmjs.org/@parcel/transformer-posthtml/-/transformer-posthtml-2.7.0.tgz"
  dependencies:
    "@parcel/plugin" "2.7.0"
    "@parcel/utils" "2.7.0"
    nullthrows "^1.1.1"
    posthtml "^0.16.5"
    posthtml-parser "^0.10.1"
    posthtml-render "^3.0.0"
    semver "^5.7.1"

"@parcel/transformer-raw@2.7.0":
  version "2.7.0"
  resolved "https://registry.npmjs.org/@parcel/transformer-raw/-/transformer-raw-2.7.0.tgz"
  dependencies:
    "@parcel/plugin" "2.7.0"

"@parcel/transformer-react-refresh-wrap@2.7.0":
  version "2.7.0"
  resolved "https://registry.npmjs.org/@parcel/transformer-react-refresh-wrap/-/transformer-react-refresh-wrap-2.7.0.tgz"
  dependencies:
    "@parcel/plugin" "2.7.0"
    "@parcel/utils" "2.7.0"
    react-refresh "^0.9.0"

"@parcel/transformer-sass@^2.7.0":
  version "2.7.0"
  resolved "https://registry.npmjs.org/@parcel/transformer-sass/-/transformer-sass-2.7.0.tgz"
  dependencies:
    "@parcel/plugin" "2.7.0"
    "@parcel/source-map" "^2.0.0"
    sass "^1.38.0"

"@parcel/transformer-svg@2.7.0":
  version "2.7.0"
  resolved "https://registry.npmjs.org/@parcel/transformer-svg/-/transformer-svg-2.7.0.tgz"
  dependencies:
    "@parcel/diagnostic" "2.7.0"
    "@parcel/hash" "2.7.0"
    "@parcel/plugin" "2.7.0"
    nullthrows "^1.1.1"
    posthtml "^0.16.5"
    posthtml-parser "^0.10.1"
    posthtml-render "^3.0.0"
    semver "^5.7.1"

"@parcel/types@2.7.0":
  version "2.7.0"
  resolved "https://registry.npmjs.org/@parcel/types/-/types-2.7.0.tgz"
  dependencies:
    "@parcel/cache" "2.7.0"
    "@parcel/diagnostic" "2.7.0"
    "@parcel/fs" "2.7.0"
    "@parcel/package-manager" "2.7.0"
    "@parcel/source-map" "^2.0.0"
    "@parcel/workers" "2.7.0"
    utility-types "^3.10.0"

"@parcel/utils@2.7.0":
  version "2.7.0"
  resolved "https://registry.npmjs.org/@parcel/utils/-/utils-2.7.0.tgz"
  dependencies:
    "@parcel/codeframe" "2.7.0"
    "@parcel/diagnostic" "2.7.0"
    "@parcel/hash" "2.7.0"
    "@parcel/logger" "2.7.0"
    "@parcel/markdown-ansi" "2.7.0"
    "@parcel/source-map" "^2.0.0"
    chalk "^4.1.0"

"@parcel/watcher@^2.0.0":
  version "2.0.5"
  resolved "https://registry.npmjs.org/@parcel/watcher/-/watcher-2.0.5.tgz"
  dependencies:
    node-addon-api "^3.2.1"
    node-gyp-build "^4.3.0"

"@parcel/workers@2.7.0":
  version "2.7.0"
  resolved "https://registry.npmjs.org/@parcel/workers/-/workers-2.7.0.tgz"
  dependencies:
    "@parcel/diagnostic" "2.7.0"
    "@parcel/logger" "2.7.0"
    "@parcel/types" "2.7.0"
    "@parcel/utils" "2.7.0"
    chrome-trace-event "^1.0.2"
    nullthrows "^1.1.1"

"@swc/helpers@^0.4.2":
  version "0.4.11"
  resolved "https://registry.npmjs.org/@swc/helpers/-/helpers-0.4.11.tgz"
  dependencies:
    tslib "^2.4.0"

"@trysound/sax@0.2.0":
  version "0.2.0"
  resolved "https://registry.npmjs.org/@trysound/sax/-/sax-0.2.0.tgz"

"@types/parse-json@^4.0.0":
  version "4.0.0"
  resolved "https://registry.npmjs.org/@types/parse-json/-/parse-json-4.0.0.tgz"

abortcontroller-polyfill@^1.1.9:
  version "1.7.3"
  resolved "https://registry.npmjs.org/abortcontroller-polyfill/-/abortcontroller-polyfill-1.7.3.tgz"

acorn@^8.5.0:
  version "8.8.0"
  resolved "https://registry.npmjs.org/acorn/-/acorn-8.8.0.tgz"

ansi-styles@^3.2.1:
  version "3.2.1"
  resolved "https://registry.npmjs.org/ansi-styles/-/ansi-styles-3.2.1.tgz"
  dependencies:
    color-convert "^1.9.0"

ansi-styles@^4.1.0:
  version "4.3.0"
  resolved "https://registry.npmjs.org/ansi-styles/-/ansi-styles-4.3.0.tgz"
  dependencies:
    color-convert "^2.0.1"

anymatch@~3.1.2:
  version "3.1.2"
  resolved "https://registry.npmjs.org/anymatch/-/anymatch-3.1.2.tgz"
  dependencies:
    normalize-path "^3.0.0"
    picomatch "^2.0.4"

base-x@^3.0.8:
  version "3.0.9"
  resolved "https://registry.npmjs.org/base-x/-/base-x-3.0.9.tgz"
  dependencies:
    safe-buffer "^5.0.1"

binary-extensions@^2.0.0:
  version "2.2.0"
  resolved "https://registry.npmjs.org/binary-extensions/-/binary-extensions-2.2.0.tgz"

boolbase@^1.0.0:
  version "1.0.0"
  resolved "https://registry.npmjs.org/boolbase/-/boolbase-1.0.0.tgz"

braces@~3.0.2:
  version "3.0.2"
  resolved "https://registry.npmjs.org/braces/-/braces-3.0.2.tgz"
  dependencies:
    fill-range "^7.0.1"

browserslist@^4.6.6:
  version "4.21.3"
  resolved "https://registry.npmjs.org/browserslist/-/browserslist-4.21.3.tgz"
  dependencies:
    caniuse-lite "^1.0.30001370"
    electron-to-chromium "^1.4.202"
    node-releases "^2.0.6"
    update-browserslist-db "^1.0.5"

buffer-from@^1.0.0:
  version "1.1.2"
  resolved "https://registry.npmjs.org/buffer-from/-/buffer-from-1.1.2.tgz"

callsites@^3.0.0:
  version "3.1.0"
  resolved "https://registry.npmjs.org/callsites/-/callsites-3.1.0.tgz"

caniuse-lite@^1.0.30001370:
  version "1.0.30001388"
  resolved "https://registry.npmjs.org/caniuse-lite/-/caniuse-lite-1.0.30001388.tgz"

chalk@^2.0.0:
  version "2.4.2"
  resolved "https://registry.npmjs.org/chalk/-/chalk-2.4.2.tgz"
  dependencies:
    ansi-styles "^3.2.1"
    escape-string-regexp "^1.0.5"
    supports-color "^5.3.0"

chalk@^4.1.0:
  version "4.1.2"
  resolved "https://registry.npmjs.org/chalk/-/chalk-4.1.2.tgz"
  dependencies:
    ansi-styles "^4.1.0"
    supports-color "^7.1.0"

"chokidar@>=3.0.0 <4.0.0":
  version "3.5.3"
  resolved "https://registry.npmjs.org/chokidar/-/chokidar-3.5.3.tgz"
  dependencies:
    anymatch "~3.1.2"
    braces "~3.0.2"
    glob-parent "~5.1.2"
    is-binary-path "~2.1.0"
    is-glob "~4.0.1"
    normalize-path "~3.0.0"
    readdirp "~3.6.0"
  optionalDependencies:
    fsevents "~2.3.2"

chrome-trace-event@^1.0.2:
  version "1.0.3"
  resolved "https://registry.npmjs.org/chrome-trace-event/-/chrome-trace-event-1.0.3.tgz"

clone@^2.1.1:
  version "2.1.2"
  resolved "https://registry.npmjs.org/clone/-/clone-2.1.2.tgz"

color-convert@^1.9.0:
  version "1.9.3"
  resolved "https://registry.npmjs.org/color-convert/-/color-convert-1.9.3.tgz"
  dependencies:
    color-name "1.1.3"

color-convert@^2.0.1:
  version "2.0.1"
  resolved "https://registry.npmjs.org/color-convert/-/color-convert-2.0.1.tgz"
  dependencies:
    color-name "~1.1.4"

color-name@1.1.3:
  version "1.1.3"
  resolved "https://registry.npmjs.org/color-name/-/color-name-1.1.3.tgz"

color-name@~1.1.4:
  version "1.1.4"
  resolved "https://registry.npmjs.org/color-name/-/color-name-1.1.4.tgz"

commander@^2.20.0:
  version "2.20.3"
  resolved "https://registry.npmjs.org/commander/-/commander-2.20.3.tgz"

commander@^7.0.0, commander@^7.2.0:
  version "7.2.0"
  resolved "https://registry.npmjs.org/commander/-/commander-7.2.0.tgz"

core-js@^3.24.1:
  version "3.25.0"
  resolved "https://registry.npmjs.org/core-js/-/core-js-3.25.0.tgz"

cosmiconfig@^7.0.1:
  version "7.0.1"
  resolved "https://registry.npmjs.org/cosmiconfig/-/cosmiconfig-7.0.1.tgz"
  dependencies:
    "@types/parse-json" "^4.0.0"
    import-fresh "^3.2.1"
    parse-json "^5.0.0"
    path-type "^4.0.0"
    yaml "^1.10.0"

css-select@^4.1.3:
  version "4.3.0"
  resolved "https://registry.npmjs.org/css-select/-/css-select-4.3.0.tgz"
  dependencies:
    boolbase "^1.0.0"
    css-what "^6.0.1"
    domhandler "^4.3.1"
    domutils "^2.8.0"
    nth-check "^2.0.1"

css-tree@^1.1.2, css-tree@^1.1.3:
  version "1.1.3"
  resolved "https://registry.npmjs.org/css-tree/-/css-tree-1.1.3.tgz"
  dependencies:
    mdn-data "2.0.14"
    source-map "^0.6.1"

css-what@^6.0.1:
  version "6.1.0"
  resolved "https://registry.npmjs.org/css-what/-/css-what-6.1.0.tgz"

csso@^4.2.0:
  version "4.2.0"
  resolved "https://registry.npmjs.org/csso/-/csso-4.2.0.tgz"
  dependencies:
    css-tree "^1.1.2"

detect-libc@^1.0.3:
  version "1.0.3"
  resolved "https://registry.npmjs.org/detect-libc/-/detect-libc-1.0.3.tgz"

dom-serializer@^1.0.1:
  version "1.4.1"
  resolved "https://registry.npmjs.org/dom-serializer/-/dom-serializer-1.4.1.tgz"
  dependencies:
    domelementtype "^2.0.1"
    domhandler "^4.2.0"
    entities "^2.0.0"

domelementtype@^2.0.1, domelementtype@^2.2.0:
  version "2.3.0"
  resolved "https://registry.npmjs.org/domelementtype/-/domelementtype-2.3.0.tgz"

domhandler@^4.2.0, domhandler@^4.2.2, domhandler@^4.3.1:
  version "4.3.1"
  resolved "https://registry.npmjs.org/domhandler/-/domhandler-4.3.1.tgz"
  dependencies:
    domelementtype "^2.2.0"

domutils@^2.8.0:
  version "2.8.0"
  resolved "https://registry.npmjs.org/domutils/-/domutils-2.8.0.tgz"
  dependencies:
    dom-serializer "^1.0.1"
    domelementtype "^2.2.0"
    domhandler "^4.2.0"

dotenv-expand@^5.1.0:
  version "5.1.0"
  resolved "https://registry.npmjs.org/dotenv-expand/-/dotenv-expand-5.1.0.tgz"

dotenv@^7.0.0:
  version "7.0.0"
  resolved "https://registry.npmjs.org/dotenv/-/dotenv-7.0.0.tgz"

electron-to-chromium@^1.4.202:
  version "1.4.241"
  resolved "https://registry.npmjs.org/electron-to-chromium/-/electron-to-chromium-1.4.241.tgz"

entities@^2.0.0:
  version "2.2.0"
  resolved "https://registry.npmjs.org/entities/-/entities-2.2.0.tgz"

entities@^3.0.1:
  version "3.0.1"
  resolved "https://registry.npmjs.org/entities/-/entities-3.0.1.tgz"

error-ex@^1.3.1:
  version "1.3.2"
  resolved "https://registry.npmjs.org/error-ex/-/error-ex-1.3.2.tgz"
  dependencies:
    is-arrayish "^0.2.1"

escalade@^3.1.1:
  version "3.1.1"
  resolved "https://registry.npmjs.org/escalade/-/escalade-3.1.1.tgz"

escape-string-regexp@^1.0.5:
  version "1.0.5"
  resolved "https://registry.npmjs.org/escape-string-regexp/-/escape-string-regexp-1.0.5.tgz"

fill-range@^7.0.1:
  version "7.0.1"
  resolved "https://registry.npmjs.org/fill-range/-/fill-range-7.0.1.tgz"
  dependencies:
    to-regex-range "^5.0.1"

fractional@^1.0.0:
  version "1.0.0"
  resolved "https://registry.npmjs.org/fractional/-/fractional-1.0.0.tgz"

fsevents@~2.3.2:
  version "2.3.2"
  resolved "https://registry.yarnpkg.com/fsevents/-/fsevents-2.3.2.tgz#8a526f78b8fdf4623b709e0b975c52c24c02fd1a"

get-port@^4.2.0:
  version "4.2.0"
  resolved "https://registry.npmjs.org/get-port/-/get-port-4.2.0.tgz"

glob-parent@~5.1.2:
  version "5.1.2"
  resolved "https://registry.npmjs.org/glob-parent/-/glob-parent-5.1.2.tgz"
  dependencies:
    is-glob "^4.0.1"

globals@^13.2.0:
  version "13.17.0"
  resolved "https://registry.npmjs.org/globals/-/globals-13.17.0.tgz"
  dependencies:
    type-fest "^0.20.2"

has-flag@^3.0.0:
  version "3.0.0"
  resolved "https://registry.npmjs.org/has-flag/-/has-flag-3.0.0.tgz"

has-flag@^4.0.0:
  version "4.0.0"
  resolved "https://registry.npmjs.org/has-flag/-/has-flag-4.0.0.tgz"

htmlnano@^2.0.0:
  version "2.0.2"
  resolved "https://registry.npmjs.org/htmlnano/-/htmlnano-2.0.2.tgz"
  dependencies:
    cosmiconfig "^7.0.1"
    posthtml "^0.16.5"
    timsort "^0.3.0"

htmlparser2@^7.1.1:
  version "7.2.0"
  resolved "https://registry.npmjs.org/htmlparser2/-/htmlparser2-7.2.0.tgz"
  dependencies:
    domelementtype "^2.0.1"
    domhandler "^4.2.2"
    domutils "^2.8.0"
    entities "^3.0.1"

immutable@^4.0.0:
  version "4.1.0"
  resolved "https://registry.npmjs.org/immutable/-/immutable-4.1.0.tgz"

import-fresh@^3.2.1:
  version "3.3.0"
  resolved "https://registry.npmjs.org/import-fresh/-/import-fresh-3.3.0.tgz"
  dependencies:
    parent-module "^1.0.0"
    resolve-from "^4.0.0"

is-arrayish@^0.2.1:
  version "0.2.1"
  resolved "https://registry.npmjs.org/is-arrayish/-/is-arrayish-0.2.1.tgz"

is-binary-path@~2.1.0:
  version "2.1.0"
  resolved "https://registry.npmjs.org/is-binary-path/-/is-binary-path-2.1.0.tgz"
  dependencies:
    binary-extensions "^2.0.0"

is-extglob@^2.1.1:
  version "2.1.1"
  resolved "https://registry.npmjs.org/is-extglob/-/is-extglob-2.1.1.tgz"

is-glob@^4.0.1, is-glob@~4.0.1:
  version "4.0.3"
  resolved "https://registry.npmjs.org/is-glob/-/is-glob-4.0.3.tgz"
  dependencies:
    is-extglob "^2.1.1"

is-json@^2.0.1:
  version "2.0.1"
  resolved "https://registry.npmjs.org/is-json/-/is-json-2.0.1.tgz"

is-number@^7.0.0:
  version "7.0.0"
  resolved "https://registry.npmjs.org/is-number/-/is-number-7.0.0.tgz"

js-tokens@^4.0.0:
  version "4.0.0"
  resolved "https://registry.npmjs.org/js-tokens/-/js-tokens-4.0.0.tgz"

json-parse-even-better-errors@^2.3.0:
  version "2.3.1"
  resolved "https://registry.npmjs.org/json-parse-even-better-errors/-/json-parse-even-better-errors-2.3.1.tgz"

json5@^2.2.0, json5@^2.2.1:
  version "2.2.3"
  resolved "https://registry.yarnpkg.com/json5/-/json5-2.2.3.tgz#78cd6f1a19bdc12b73db5ad0c61efd66c1e29283"

lightningcss-darwin-arm64@1.14.0:
  version "1.14.0"
  resolved "https://registry.yarnpkg.com/lightningcss-darwin-arm64/-/lightningcss-darwin-arm64-1.14.0.tgz#a10bd749b375c2749d1dd6bacd5c075bb10a4939"

lightningcss-darwin-x64@1.14.0:
  version "1.14.0"
  resolved "https://registry.yarnpkg.com/lightningcss-darwin-x64/-/lightningcss-darwin-x64-1.14.0.tgz#2d4796ab81790bcce8266fb3a84f85e7c414b510"

lightningcss-linux-arm-gnueabihf@1.14.0:
  version "1.14.0"
  resolved "https://registry.yarnpkg.com/lightningcss-linux-arm-gnueabihf/-/lightningcss-linux-arm-gnueabihf-1.14.0.tgz#82ab47c611342adcb617e28fb9599486aa5ee913"

lightningcss-linux-arm64-gnu@1.14.0:
  version "1.14.0"
  resolved "https://registry.yarnpkg.com/lightningcss-linux-arm64-gnu/-/lightningcss-linux-arm64-gnu-1.14.0.tgz#c9778570ffacc70c0b7f08910dbceb3ca80a477a"

lightningcss-linux-arm64-musl@1.14.0:
  version "1.14.0"
  resolved "https://registry.yarnpkg.com/lightningcss-linux-arm64-musl/-/lightningcss-linux-arm64-musl-1.14.0.tgz#9d5fbbdddffbf1583462644a3e4934d38702e472"

lightningcss-linux-x64-gnu@1.14.0:
  version "1.14.0"
  resolved "https://registry.npmjs.org/lightningcss-linux-x64-gnu/-/lightningcss-linux-x64-gnu-1.14.0.tgz"

lightningcss-linux-x64-musl@1.14.0:
  version "1.14.0"
  resolved "https://registry.npmjs.org/lightningcss-linux-x64-musl/-/lightningcss-linux-x64-musl-1.14.0.tgz"

lightningcss-win32-x64-msvc@1.14.0:
  version "1.14.0"
  resolved "https://registry.yarnpkg.com/lightningcss-win32-x64-msvc/-/lightningcss-win32-x64-msvc-1.14.0.tgz#cbb04074b868edef98c0e1273702ba2a63b928cd"

lightningcss@^1.14.0:
  version "1.14.0"
  resolved "https://registry.npmjs.org/lightningcss/-/lightningcss-1.14.0.tgz"
  dependencies:
    detect-libc "^1.0.3"
  optionalDependencies:
    lightningcss-darwin-arm64 "1.14.0"
    lightningcss-darwin-x64 "1.14.0"
    lightningcss-linux-arm-gnueabihf "1.14.0"
    lightningcss-linux-arm64-gnu "1.14.0"
    lightningcss-linux-arm64-musl "1.14.0"
    lightningcss-linux-x64-gnu "1.14.0"
    lightningcss-linux-x64-musl "1.14.0"
    lightningcss-win32-x64-msvc "1.14.0"

lines-and-columns@^1.1.6:
  version "1.2.4"
  resolved "https://registry.npmjs.org/lines-and-columns/-/lines-and-columns-1.2.4.tgz"

lmdb@2.5.2:
  version "2.5.2"
  resolved "https://registry.npmjs.org/lmdb/-/lmdb-2.5.2.tgz"
  dependencies:
    msgpackr "^1.5.4"
    node-addon-api "^4.3.0"
    node-gyp-build-optional-packages "5.0.3"
    ordered-binary "^1.2.4"
    weak-lru-cache "^1.2.2"
  optionalDependencies:
    "@lmdb/lmdb-darwin-arm64" "2.5.2"
    "@lmdb/lmdb-darwin-x64" "2.5.2"
    "@lmdb/lmdb-linux-arm" "2.5.2"
    "@lmdb/lmdb-linux-arm64" "2.5.2"
    "@lmdb/lmdb-linux-x64" "2.5.2"
    "@lmdb/lmdb-win32-x64" "2.5.2"

mdn-data@2.0.14:
  version "2.0.14"
  resolved "https://registry.npmjs.org/mdn-data/-/mdn-data-2.0.14.tgz"

msgpackr-extract@^2.0.2:
  version "2.1.2"
  resolved "https://registry.npmjs.org/msgpackr-extract/-/msgpackr-extract-2.1.2.tgz"
  dependencies:
    node-gyp-build-optional-packages "5.0.3"
  optionalDependencies:
    "@msgpackr-extract/msgpackr-extract-darwin-arm64" "2.1.2"
    "@msgpackr-extract/msgpackr-extract-darwin-x64" "2.1.2"
    "@msgpackr-extract/msgpackr-extract-linux-arm" "2.1.2"
    "@msgpackr-extract/msgpackr-extract-linux-arm64" "2.1.2"
    "@msgpackr-extract/msgpackr-extract-linux-x64" "2.1.2"
    "@msgpackr-extract/msgpackr-extract-win32-x64" "2.1.2"

msgpackr@^1.5.4:
  version "1.6.2"
  resolved "https://registry.npmjs.org/msgpackr/-/msgpackr-1.6.2.tgz"
  optionalDependencies:
    msgpackr-extract "^2.0.2"

node-addon-api@^3.2.1:
  version "3.2.1"
  resolved "https://registry.npmjs.org/node-addon-api/-/node-addon-api-3.2.1.tgz"

node-addon-api@^4.3.0:
  version "4.3.0"
  resolved "https://registry.npmjs.org/node-addon-api/-/node-addon-api-4.3.0.tgz"

node-gyp-build-optional-packages@5.0.3:
  version "5.0.3"
  resolved "https://registry.npmjs.org/node-gyp-build-optional-packages/-/node-gyp-build-optional-packages-5.0.3.tgz"

node-gyp-build@^4.3.0:
  version "4.5.0"
  resolved "https://registry.npmjs.org/node-gyp-build/-/node-gyp-build-4.5.0.tgz"

node-releases@^2.0.6:
  version "2.0.6"
  resolved "https://registry.npmjs.org/node-releases/-/node-releases-2.0.6.tgz"

normalize-path@^3.0.0, normalize-path@~3.0.0:
  version "3.0.0"
  resolved "https://registry.npmjs.org/normalize-path/-/normalize-path-3.0.0.tgz"

nth-check@^2.0.1:
  version "2.1.1"
  resolved "https://registry.npmjs.org/nth-check/-/nth-check-2.1.1.tgz"
  dependencies:
    boolbase "^1.0.0"

nullthrows@^1.1.1:
  version "1.1.1"
  resolved "https://registry.npmjs.org/nullthrows/-/nullthrows-1.1.1.tgz"

ordered-binary@^1.2.4:
  version "1.3.0"
  resolved "https://registry.npmjs.org/ordered-binary/-/ordered-binary-1.3.0.tgz"

parcel@^2.7.0:
  version "2.7.0"
  resolved "https://registry.npmjs.org/parcel/-/parcel-2.7.0.tgz"
  dependencies:
    "@parcel/config-default" "2.7.0"
    "@parcel/core" "2.7.0"
    "@parcel/diagnostic" "2.7.0"
    "@parcel/events" "2.7.0"
    "@parcel/fs" "2.7.0"
    "@parcel/logger" "2.7.0"
    "@parcel/package-manager" "2.7.0"
    "@parcel/reporter-cli" "2.7.0"
    "@parcel/reporter-dev-server" "2.7.0"
    "@parcel/utils" "2.7.0"
    chalk "^4.1.0"
    commander "^7.0.0"
    get-port "^4.2.0"
    v8-compile-cache "^2.0.0"

parent-module@^1.0.0:
  version "1.0.1"
  resolved "https://registry.npmjs.org/parent-module/-/parent-module-1.0.1.tgz"
  dependencies:
    callsites "^3.0.0"

parse-json@^5.0.0:
  version "5.2.0"
  resolved "https://registry.npmjs.org/parse-json/-/parse-json-5.2.0.tgz"
  dependencies:
    "@babel/code-frame" "^7.0.0"
    error-ex "^1.3.1"
    json-parse-even-better-errors "^2.3.0"
    lines-and-columns "^1.1.6"

path-type@^4.0.0:
  version "4.0.0"
  resolved "https://registry.npmjs.org/path-type/-/path-type-4.0.0.tgz"

picocolors@^1.0.0:
  version "1.0.0"
  resolved "https://registry.npmjs.org/picocolors/-/picocolors-1.0.0.tgz"

picomatch@^2.0.4, picomatch@^2.2.1:
  version "2.3.1"
  resolved "https://registry.npmjs.org/picomatch/-/picomatch-2.3.1.tgz"

postcss-value-parser@^4.2.0:
  version "4.2.0"
  resolved "https://registry.npmjs.org/postcss-value-parser/-/postcss-value-parser-4.2.0.tgz"

posthtml-parser@^0.10.1:
  version "0.10.2"
  resolved "https://registry.npmjs.org/posthtml-parser/-/posthtml-parser-0.10.2.tgz"
  dependencies:
    htmlparser2 "^7.1.1"

posthtml-parser@^0.11.0:
  version "0.11.0"
  resolved "https://registry.npmjs.org/posthtml-parser/-/posthtml-parser-0.11.0.tgz"
  dependencies:
    htmlparser2 "^7.1.1"

posthtml-render@^3.0.0:
  version "3.0.0"
  resolved "https://registry.npmjs.org/posthtml-render/-/posthtml-render-3.0.0.tgz"
  dependencies:
    is-json "^2.0.1"

posthtml@^0.16.4, posthtml@^0.16.5:
  version "0.16.6"
  resolved "https://registry.npmjs.org/posthtml/-/posthtml-0.16.6.tgz"
  dependencies:
    posthtml-parser "^0.11.0"
    posthtml-render "^3.0.0"

react-error-overlay@6.0.9:
  version "6.0.9"
  resolved "https://registry.npmjs.org/react-error-overlay/-/react-error-overlay-6.0.9.tgz"

react-refresh@^0.9.0:
  version "0.9.0"
  resolved "https://registry.npmjs.org/react-refresh/-/react-refresh-0.9.0.tgz"

readdirp@~3.6.0:
  version "3.6.0"
  resolved "https://registry.npmjs.org/readdirp/-/readdirp-3.6.0.tgz"
  dependencies:
    picomatch "^2.2.1"

regenerator-runtime@^0.13.7, regenerator-runtime@^0.13.9:
  version "0.13.9"
  resolved "https://registry.npmjs.org/regenerator-runtime/-/regenerator-runtime-0.13.9.tgz"

resolve-from@^4.0.0:
  version "4.0.0"
  resolved "https://registry.npmjs.org/resolve-from/-/resolve-from-4.0.0.tgz"

safe-buffer@^5.0.1:
  version "5.2.1"
  resolved "https://registry.npmjs.org/safe-buffer/-/safe-buffer-5.2.1.tgz"

sass@^1.38.0:
  version "1.54.8"
  resolved "https://registry.npmjs.org/sass/-/sass-1.54.8.tgz"
  dependencies:
    chokidar ">=3.0.0 <4.0.0"
    immutable "^4.0.0"
    source-map-js ">=0.6.2 <2.0.0"

semver@^5.7.0, semver@^5.7.1:
  version "5.7.1"
  resolved "https://registry.npmjs.org/semver/-/semver-5.7.1.tgz"

"source-map-js@>=0.6.2 <2.0.0":
  version "1.0.2"
  resolved "https://registry.npmjs.org/source-map-js/-/source-map-js-1.0.2.tgz"

source-map-support@~0.5.20:
  version "0.5.21"
  resolved "https://registry.npmjs.org/source-map-support/-/source-map-support-0.5.21.tgz"
  dependencies:
    buffer-from "^1.0.0"
    source-map "^0.6.0"

source-map@^0.6.0, source-map@^0.6.1:
  version "0.6.1"
  resolved "https://registry.npmjs.org/source-map/-/source-map-0.6.1.tgz"

stable@^0.1.8:
  version "0.1.8"
  resolved "https://registry.npmjs.org/stable/-/stable-0.1.8.tgz"

supports-color@^5.3.0:
  version "5.5.0"
  resolved "https://registry.npmjs.org/supports-color/-/supports-color-5.5.0.tgz"
  dependencies:
    has-flag "^3.0.0"

supports-color@^7.1.0:
  version "7.2.0"
  resolved "https://registry.npmjs.org/supports-color/-/supports-color-7.2.0.tgz"
  dependencies:
    has-flag "^4.0.0"

svgo@^2.4.0:
  version "2.8.0"
  resolved "https://registry.npmjs.org/svgo/-/svgo-2.8.0.tgz"
  dependencies:
    "@trysound/sax" "0.2.0"
    commander "^7.2.0"
    css-select "^4.1.3"
    css-tree "^1.1.3"
    csso "^4.2.0"
    picocolors "^1.0.0"
    stable "^0.1.8"

term-size@^2.2.1:
  version "2.2.1"
  resolved "https://registry.npmjs.org/term-size/-/term-size-2.2.1.tgz"

terser@^5.2.0:
  version "5.15.0"
  resolved "https://registry.npmjs.org/terser/-/terser-5.15.0.tgz"
  dependencies:
    "@jridgewell/source-map" "^0.3.2"
    acorn "^8.5.0"
    commander "^2.20.0"
    source-map-support "~0.5.20"

timsort@^0.3.0:
  version "0.3.0"
  resolved "https://registry.npmjs.org/timsort/-/timsort-0.3.0.tgz"

to-regex-range@^5.0.1:
  version "5.0.1"
  resolved "https://registry.npmjs.org/to-regex-range/-/to-regex-range-5.0.1.tgz"
  dependencies:
    is-number "^7.0.0"

tslib@^2.4.0:
  version "2.4.0"
  resolved "https://registry.npmjs.org/tslib/-/tslib-2.4.0.tgz"

type-fest@^0.20.2:
  version "0.20.2"
  resolved "https://registry.npmjs.org/type-fest/-/type-fest-0.20.2.tgz"

update-browserslist-db@^1.0.5:
  version "1.0.7"
  resolved "https://registry.npmjs.org/update-browserslist-db/-/update-browserslist-db-1.0.7.tgz"
  dependencies:
    escalade "^3.1.1"
    picocolors "^1.0.0"

utility-types@^3.10.0:
  version "3.10.0"
  resolved "https://registry.npmjs.org/utility-types/-/utility-types-3.10.0.tgz"

v8-compile-cache@^2.0.0:
  version "2.3.0"
  resolved "https://registry.npmjs.org/v8-compile-cache/-/v8-compile-cache-2.3.0.tgz"

weak-lru-cache@^1.2.2:
  version "1.2.2"
  resolved "https://registry.npmjs.org/weak-lru-cache/-/weak-lru-cache-1.2.2.tgz"

xxhash-wasm@^0.4.2:
  version "0.4.2"
  resolved "https://registry.npmjs.org/xxhash-wasm/-/xxhash-wasm-0.4.2.tgz"

yaml@^1.10.0:
  version "1.10.2"
  resolved "https://registry.npmjs.org/yaml/-/yaml-1.10.2.tgz"
